
Microsoft Visual Studio Solution File, Format Version 12.00
# Visual Studio Version 17
VisualStudioVersion = 17.1.32328.378
MinimumVisualStudioVersion = 10.0.40219.1
Project("{9A19103F-16F7-4668-BE54-9A1E7A4F7556}") = "TeamsManager", "TeamsManager\TeamsManager.csproj", "{B09214F1-A2DB-49FB-B532-64AB24E70138}"
EndProject
Global
	GlobalSection(SolutionConfigurationPlatforms) = preSolution
		Debug|Any CPU = Debug|Any CPU
		Release|Any CPU = Release|Any CPU
	EndGlobalSection
	GlobalSection(ProjectConfigurationPlatforms) = postSolution
		{B09214F1-A2DB-49FB-B532-64AB24E70138}.Debug|Any CPU.ActiveCfg = Debug|Any CPU
		{B09214F1-A2DB-49FB-B532-64AB24E70138}.Debug|Any CPU.Build.0 = Debug|Any CPU
		{B09214F1-A2DB-49FB-B532-64AB24E70138}.Release|Any CPU.ActiveCfg = Release|Any CPU
		{B09214F1-A2DB-49FB-B532-64AB24E70138}.Release|Any CPU.Build.0 = Release|Any CPU
	EndGlobalSection
	GlobalSection(SolutionProperties) = preSolution
		HideSolutionNode = FALSE
	EndGlobalSection
	GlobalSection(ExtensibilityGlobals) = postSolution
		SolutionGuid = {7B4F1B26-439F-480A-893B-204C4D7E7C92}
	EndGlobalSection
EndGlobal
